
Microsoft Visual Studio Solution File, Format Version 12.00
# Visual Studio 15
VisualStudioVersion = 15.0.28307.271
MinimumVisualStudioVersion = 10.0.40219.1
Project("{FAE04EC0-301F-11D3-BF4B-00C04F79EFBC}") = "WebsiteBanSach", "WebsiteBanSach\WebsiteBanSach.csproj", "{A0076748-7090-409F-92F6-DC23450364CD}"
EndProject
Global
	GlobalSection(SolutionConfigurationPlatforms) = preSolution
		Debug|Any CPU = Debug|Any CPU
		Release|Any CPU = Release|Any CPU
	EndGlobalSection
	GlobalSection(ProjectConfigurationPlatforms) = postSolution
		{A0076748-7090-409F-92F6-DC23450364CD}.Debug|Any CPU.ActiveCfg = Debug|Any CPU
		{A0076748-7090-409F-92F6-DC23450364CD}.Debug|Any CPU.Build.0 = Debug|Any CPU
		{A0076748-7090-409F-92F6-DC23450364CD}.Release|Any CPU.ActiveCfg = Release|Any CPU
		{A0076748-7090-409F-92F6-DC23450364CD}.Release|Any CPU.Build.0 = Release|Any CPU
	EndGlobalSection
	GlobalSection(SolutionProperties) = preSolution
		HideSolutionNode = FALSE
	EndGlobalSection
	GlobalSection(ExtensibilityGlobals) = postSolution
		SolutionGuid = {8C3C9EC8-0357-4DBB-9505-5B88FF87D0AC}
	EndGlobalSection
EndGlobal
